
Microsoft Visual Studio Solution File, Format Version 12.00
# Visual Studio Version 16
VisualStudioVersion = 16.0.30523.141
MinimumVisualStudioVersion = 10.0.40219.1
Project("{FAE04EC0-301F-11D3-BF4B-00C04F79EFBC}") = "ConsultaCepIHttpClientFactory", "ConsultaCepIHttpClientFactory\ConsultaCepIHttpClientFactory.csproj", "{EDE43AB8-0E9F-42D4-AEF5-4FDD8E89E503}"
EndProject
Project("{FAE04EC0-301F-11D3-BF4B-00C04F79EFBC}") = "Integrations", "Integrations\Integrations.csproj", "{1D88B8FE-DE7C-4368-8C14-371328B9363D}"
EndProject
Project("{FAE04EC0-301F-11D3-BF4B-00C04F79EFBC}") = "Domains", "Domains\Domains.csproj", "{47FA388F-B605-4CB7-8BE7-783D3955CF5C}"
EndProject
Global
	GlobalSection(SolutionConfigurationPlatforms) = preSolution
		Debug|Any CPU = Debug|Any CPU
		Release|Any CPU = Release|Any CPU
	EndGlobalSection
	GlobalSection(ProjectConfigurationPlatforms) = postSolution
		{EDE43AB8-0E9F-42D4-AEF5-4FDD8E89E503}.Debug|Any CPU.ActiveCfg = Debug|Any CPU
		{EDE43AB8-0E9F-42D4-AEF5-4FDD8E89E503}.Debug|Any CPU.Build.0 = Debug|Any CPU
		{EDE43AB8-0E9F-42D4-AEF5-4FDD8E89E503}.Release|Any CPU.ActiveCfg = Release|Any CPU
		{EDE43AB8-0E9F-42D4-AEF5-4FDD8E89E503}.Release|Any CPU.Build.0 = Release|Any CPU
		{1D88B8FE-DE7C-4368-8C14-371328B9363D}.Debug|Any CPU.ActiveCfg = Debug|Any CPU
		{1D88B8FE-DE7C-4368-8C14-371328B9363D}.Debug|Any CPU.Build.0 = Debug|Any CPU
		{1D88B8FE-DE7C-4368-8C14-371328B9363D}.Release|Any CPU.ActiveCfg = Release|Any CPU
		{1D88B8FE-DE7C-4368-8C14-371328B9363D}.Release|Any CPU.Build.0 = Release|Any CPU
		{47FA388F-B605-4CB7-8BE7-783D3955CF5C}.Debug|Any CPU.ActiveCfg = Debug|Any CPU
		{47FA388F-B605-4CB7-8BE7-783D3955CF5C}.Debug|Any CPU.Build.0 = Debug|Any CPU
		{47FA388F-B605-4CB7-8BE7-783D3955CF5C}.Release|Any CPU.ActiveCfg = Release|Any CPU
		{47FA388F-B605-4CB7-8BE7-783D3955CF5C}.Release|Any CPU.Build.0 = Release|Any CPU
	EndGlobalSection
	GlobalSection(SolutionProperties) = preSolution
		HideSolutionNode = FALSE
	EndGlobalSection
	GlobalSection(ExtensibilityGlobals) = postSolution
		SolutionGuid = {5B645380-ACB8-474C-873C-06B82448D2CC}
	EndGlobalSection
EndGlobal
